Microsoft Visual Studio Solution File, Format Version 12.00
# Visual Studio 2012
Project("{FAE04EC0-301F-11D3-BF4B-00C04F79EFBC}") = "PVS-hra", "PVS-hra.csproj", "{657E4E0C-7002-46F7-9301-C4B791984B22}"
EndProject
Global
	GlobalSection(SolutionConfigurationPlatforms) = preSolution
	Debug|Any CPU = Debug|Any CPU
	ExportDebug|Any CPU = ExportDebug|Any CPU
	ExportRelease|Any CPU = ExportRelease|Any CPU
	EndGlobalSection
	GlobalSection(ProjectConfigurationPlatforms) = postSolution
		{657E4E0C-7002-46F7-9301-C4B791984B22}.Debug|Any CPU.ActiveCfg = Debug|Any CPU
		{657E4E0C-7002-46F7-9301-C4B791984B22}.Debug|Any CPU.Build.0 = Debug|Any CPU
		{657E4E0C-7002-46F7-9301-C4B791984B22}.ExportDebug|Any CPU.ActiveCfg = ExportDebug|Any CPU
		{657E4E0C-7002-46F7-9301-C4B791984B22}.ExportDebug|Any CPU.Build.0 = ExportDebug|Any CPU
		{657E4E0C-7002-46F7-9301-C4B791984B22}.ExportRelease|Any CPU.ActiveCfg = ExportRelease|Any CPU
		{657E4E0C-7002-46F7-9301-C4B791984B22}.ExportRelease|Any CPU.Build.0 = ExportRelease|Any CPU
	EndGlobalSection
EndGlobal
